
Microsoft Visual Studio Solution File, Format Version 12.00
# Visual Studio Version 17
VisualStudioVersion = 17.4.33213.308
MinimumVisualStudioVersion = 10.0.40219.1
Project("{FAE04EC0-301F-11D3-BF4B-00C04F79EFBC}") = "QuestsSystem", "QuestsSystem.csproj", "{CFD2131F-390E-46E5-9EB0-332718EA6716}"
EndProject
Global
	GlobalSection(SolutionConfigurationPlatforms) = preSolution
		Debug|Any CPU = Debug|Any CPU
		Release|Any CPU = Release|Any CPU
	EndGlobalSection
	GlobalSection(ProjectConfigurationPlatforms) = postSolution
		{CFD2131F-390E-46E5-9EB0-332718EA6716}.Debug|Any CPU.ActiveCfg = Debug|Any CPU
		{CFD2131F-390E-46E5-9EB0-332718EA6716}.Debug|Any CPU.Build.0 = Debug|Any CPU
		{CFD2131F-390E-46E5-9EB0-332718EA6716}.Release|Any CPU.ActiveCfg = Release|Any CPU
		{CFD2131F-390E-46E5-9EB0-332718EA6716}.Release|Any CPU.Build.0 = Release|Any CPU
	EndGlobalSection
	GlobalSection(SolutionProperties) = preSolution
		HideSolutionNode = FALSE
	EndGlobalSection
	GlobalSection(ExtensibilityGlobals) = postSolution
		SolutionGuid = {FDD2ADBE-305E-4038-AB72-8FBB3AB3632B}
	EndGlobalSection
EndGlobal
